
Microsoft Visual Studio Solution File, Format Version 12.00
# Visual Studio Version 17
VisualStudioVersion = 17.14.36603.0
MinimumVisualStudioVersion = 10.0.40219.1
Project("{FAE04EC0-301F-11D3-BF4B-00C04F79EFBC}") = "BigLog", "BigLog.csproj", "{DF4BC47D-D874-499D-AAE9-99D08DA75935}"
EndProject
Project("{FAE04EC0-301F-11D3-BF4B-00C04F79EFBC}") = "BigLog_testing", "..\BigLog_testing\BigLog_testing.csproj", "{12851A70-E7D5-420D-A707-AC51343F4199}"
	ProjectSection(ProjectDependencies) = postProject
		{DF4BC47D-D874-499D-AAE9-99D08DA75935} = {DF4BC47D-D874-499D-AAE9-99D08DA75935}
	EndProjectSection
EndProject
Global
	GlobalSection(SolutionConfigurationPlatforms) = preSolution
		Debug|Any CPU = Debug|Any CPU
		Release|Any CPU = Release|Any CPU
	EndGlobalSection
	GlobalSection(ProjectConfigurationPlatforms) = postSolution
		{DF4BC47D-D874-499D-AAE9-99D08DA75935}.Debug|Any CPU.ActiveCfg = Debug|Any CPU
		{DF4BC47D-D874-499D-AAE9-99D08DA75935}.Debug|Any CPU.Build.0 = Debug|Any CPU
		{DF4BC47D-D874-499D-AAE9-99D08DA75935}.Release|Any CPU.ActiveCfg = Release|Any CPU
		{DF4BC47D-D874-499D-AAE9-99D08DA75935}.Release|Any CPU.Build.0 = Release|Any CPU
		{12851A70-E7D5-420D-A707-AC51343F4199}.Debug|Any CPU.ActiveCfg = Debug|Any CPU
		{12851A70-E7D5-420D-A707-AC51343F4199}.Debug|Any CPU.Build.0 = Debug|Any CPU
		{12851A70-E7D5-420D-A707-AC51343F4199}.Release|Any CPU.ActiveCfg = Release|Any CPU
		{12851A70-E7D5-420D-A707-AC51343F4199}.Release|Any CPU.Build.0 = Release|Any CPU
	EndGlobalSection
	GlobalSection(SolutionProperties) = preSolution
		HideSolutionNode = FALSE
	EndGlobalSection
	GlobalSection(ExtensibilityGlobals) = postSolution
		SolutionGuid = {E9761C24-9EC3-4CAE-BE14-D9517366F81E}
	EndGlobalSection
EndGlobal
